// !$*UTF8*$!
{
	archiveVersion = 1;
	classes = {
	};
	objectVersion = 46;
	objects = {

/* Begin PBXBuildFile section */
		019EDEE01812F4D200551AA2 /* TwitterClient.m in Sources */ = {isa = PBXBuildFile; fileRef = 019EDEDF1812F4D200551AA2 /* TwitterClient.m */; };
		019EDEE31813030F00551AA2 /* tempViewController.m in Sources */ = {isa = PBXBuildFile; fileRef = 019EDEE21813030F00551AA2 /* tempViewController.m */; };
		019EDEE51813727500551AA2 /* Social.framework in Frameworks */ = {isa = PBXBuildFile; fileRef = 019EDEE41813727500551AA2 /* Social.framework */; };
		01DFE52A18104C5E00619DA5 /* Foundation.framework in Frameworks */ = {isa = PBXBuildFile; fileRef = 01DFE52918104C5E00619DA5 /* Foundation.framework */; };
		01DFE52C18104C5F00619DA5 /* CoreGraphics.framework in Frameworks */ = {isa = PBXBuildFile; fileRef = 01DFE52B18104C5F00619DA5 /* CoreGraphics.framework */; };
		01DFE52E18104C5F00619DA5 /* UIKit.framework in Frameworks */ = {isa = PBXBuildFile; fileRef = 01DFE52D18104C5F00619DA5 /* UIKit.framework */; };
		01DFE53418104C5F00619DA5 /* InfoPlist.strings in Resources */ = {isa = PBXBuildFile; fileRef = 01DFE53218104C5F00619DA5 /* InfoPlist.strings */; };
		01DFE53618104C5F00619DA5 /* main.m in Sources */ = {isa = PBXBuildFile; fileRef = 01DFE53518104C5F00619DA5 /* main.m */; };
		01DFE53A18104C5F00619DA5 /* AppDelegate.m in Sources */ = {isa = PBXBuildFile; fileRef = 01DFE53918104C5F00619DA5 /* AppDelegate.m */; };
		01DFE53C18104C5F00619DA5 /* Images.xcassets in Resources */ = {isa = PBXBuildFile; fileRef = 01DFE53B18104C5F00619DA5 /* Images.xcassets */; };
		01DFE54318104C5F00619DA5 /* XCTest.framework in Frameworks */ = {isa = PBXBuildFile; fileRef = 01DFE54218104C5F00619DA5 /* XCTest.framework */; };
		01DFE54418104C5F00619DA5 /* Foundation.framework in Frameworks */ = {isa = PBXBuildFile; fileRef = 01DFE52918104C5E00619DA5 /* Foundation.framework */; };
		01DFE54518104C5F00619DA5 /* UIKit.framework in Frameworks */ = {isa = PBXBuildFile; fileRef = 01DFE52D18104C5F00619DA5 /* UIKit.framework */; };
		01DFE54D18104C5F00619DA5 /* InfoPlist.strings in Resources */ = {isa = PBXBuildFile; fileRef = 01DFE54B18104C5F00619DA5 /* InfoPlist.strings */; };
		01DFE54F18104C5F00619DA5 /* bootcamp_twitterTests.m in Sources */ = {isa = PBXBuildFile; fileRef = 01DFE54E18104C5F00619DA5 /* bootcamp_twitterTests.m */; };
		01DFE55E18104ED900619DA5 /* TimelineViewController.m in Sources */ = {isa = PBXBuildFile; fileRef = 01DFE55D18104ED900619DA5 /* TimelineViewController.m */; };
		01DFE5601810C32800619DA5 /* Storyboard.storyboard in Resources */ = {isa = PBXBuildFile; fileRef = 01DFE55F1810C32800619DA5 /* Storyboard.storyboard */; };
		01DFE5661811CBD500619DA5 /* RootViewController.m in Sources */ = {isa = PBXBuildFile; fileRef = 01DFE5651811CBD500619DA5 /* RootViewController.m */; };
		01DFE5691811CC2F00619DA5 /* MenuViewController.m in Sources */ = {isa = PBXBuildFile; fileRef = 01DFE5681811CC2F00619DA5 /* MenuViewController.m */; };
		01DFE56C1811CE4700619DA5 /* ProfileViewController.m in Sources */ = {isa = PBXBuildFile; fileRef = 01DFE56B1811CE4700619DA5 /* ProfileViewController.m */; };
		01DFE56F1811D31900619DA5 /* Constants.m in Sources */ = {isa = PBXBuildFile; fileRef = 01DFE56E1811D31900619DA5 /* Constants.m */; };
		CF583DCD82B742C1AD872CCB /* libPods.a in Frameworks */ = {isa = PBXBuildFile; fileRef = DF044CE4562045D2BF2CC896 /* libPods.a */; };
/* End PBXBuildFile section */

/* Begin PBXContainerItemProxy section */
		01DFE54618104C5F00619DA5 /* PBXContainerItemProxy */ = {
			isa = PBXContainerItemProxy;
			containerPortal = 01DFE51E18104C5E00619DA5 /* Project object */;
			proxyType = 1;
			remoteGlobalIDString = 01DFE52518104C5E00619DA5;
			remoteInfo = "bootcamp-twitter";
		};
/* End PBXContainerItemProxy section */

/* Begin PBXFileReference section */
		019EDEDE1812F4D200551AA2 /* TwitterClient.h */ = {isa = PBXFileReference; fileEncoding = 4; lastKnownFileType = sourcecode.c.h; path = TwitterClient.h; sourceTree = "<group>"; };
		019EDEDF1812F4D200551AA2 /* TwitterClient.m */ = {isa = PBXFileReference; fileEncoding = 4; lastKnownFileType = sourcecode.c.objc; path = TwitterClient.m; sourceTree = "<group>"; };
		019EDEE11813030F00551AA2 /* tempViewController.h */ = {isa = PBXFileReference; fileEncoding = 4; lastKnownFileType = sourcecode.c.h; path = tempViewController.h; sourceTree = "<group>"; };
		019EDEE21813030F00551AA2 /* tempViewController.m */ = {isa = PBXFileReference; fileEncoding = 4; lastKnownFileType = sourcecode.c.objc; path = tempViewController.m; sourceTree = "<group>"; };
		019EDEE41813727500551AA2 /* Social.framework */ = {isa = PBXFileReference; lastKnownFileType = wrapper.framework; name = Social.framework; path = System/Library/Frameworks/Social.framework; sourceTree = SDKROOT; };
		01DFE52618104C5E00619DA5 /* bootcamp-twitter.app */ = {isa = PBXFileReference; explicitFileType = wrapper.application; includeInIndex = 0; path = "bootcamp-twitter.app"; sourceTree = BUILT_PRODUCTS_DIR; };
		01DFE52918104C5E00619DA5 /* Foundation.framework */ = {isa = PBXFileReference; lastKnownFileType = wrapper.framework; name = Foundation.framework; path = System/Library/Frameworks/Foundation.framework; sourceTree = SDKROOT; };
		01DFE52B18104C5F00619DA5 /* CoreGraphics.framework */ = {isa = PBXFileReference; lastKnownFileType = wrapper.framework; name = CoreGraphics.framework; path = System/Library/Frameworks/CoreGraphics.framework; sourceTree = SDKROOT; };
		01DFE52D18104C5F00619DA5 /* UIKit.framework */ = {isa = PBXFileReference; lastKnownFileType = wrapper.framework; name = UIKit.framework; path = System/Library/Frameworks/UIKit.framework; sourceTree = SDKROOT; };
		01DFE53118104C5F00619DA5 /* bootcamp-twitter-Info.plist */ = {isa = PBXFileReference; lastKnownFileType = text.plist.xml; path = "bootcamp-twitter-Info.plist"; sourceTree = "<group>"; };
		01DFE53318104C5F00619DA5 /* en */ = {isa = PBXFileReference; lastKnownFileType = text.plist.strings; name = en; path = en.lproj/InfoPlist.strings; sourceTree = "<group>"; };
		01DFE53518104C5F00619DA5 /* main.m */ = {isa = PBXFileReference; lastKnownFileType = sourcecode.c.objc; path = main.m; sourceTree = "<group>"; };
		01DFE53718104C5F00619DA5 /* bootcamp-twitter-Prefix.pch */ = {isa = PBXFileReference; lastKnownFileType = sourcecode.c.h; path = "bootcamp-twitter-Prefix.pch"; sourceTree = "<group>"; };
		01DFE53818104C5F00619DA5 /* AppDelegate.h */ = {isa = PBXFileReference; lastKnownFileType = sourcecode.c.h; path = AppDelegate.h; sourceTree = "<group>"; };
		01DFE53918104C5F00619DA5 /* AppDelegate.m */ = {isa = PBXFileReference; lastKnownFileType = sourcecode.c.objc; path = AppDelegate.m; sourceTree = "<group>"; };
		01DFE53B18104C5F00619DA5 /* Images.xcassets */ = {isa = PBXFileReference; lastKnownFileType = folder.assetcatalog; path = Images.xcassets; sourceTree = "<group>"; };
		01DFE54118104C5F00619DA5 /* bootcamp-twitterTests.xctest */ = {isa = PBXFileReference; explicitFileType = wrapper.cfbundle; includeInIndex = 0; path = "bootcamp-twitterTests.xctest"; sourceTree = BUILT_PRODUCTS_DIR; };
		01DFE54218104C5F00619DA5 /* XCTest.framework */ = {isa = PBXFileReference; lastKnownFileType = wrapper.framework; name = XCTest.framework; path = Library/Frameworks/XCTest.framework; sourceTree = DEVELOPER_DIR; };
		01DFE54A18104C5F00619DA5 /* bootcamp-twitterTests-Info.plist */ = {isa = PBXFileReference; lastKnownFileType = text.plist.xml; path = "bootcamp-twitterTests-Info.plist"; sourceTree = "<group>"; };
		01DFE54C18104C5F00619DA5 /* en */ = {isa = PBXFileReference; lastKnownFileType = text.plist.strings; name = en; path = en.lproj/InfoPlist.strings; sourceTree = "<group>"; };
		01DFE54E18104C5F00619DA5 /* bootcamp_twitterTests.m */ = {isa = PBXFileReference; lastKnownFileType = sourcecode.c.objc; path = bootcamp_twitterTests.m; sourceTree = "<group>"; };
		01DFE55C18104ED900619DA5 /* TimelineViewController.h */ = {isa = PBXFileReference; fileEncoding = 4; lastKnownFileType = sourcecode.c.h; path = TimelineViewController.h; sourceTree = "<group>"; };
		01DFE55D18104ED900619DA5 /* TimelineViewController.m */ = {isa = PBXFileReference; fileEncoding = 4; lastKnownFileType = sourcecode.c.objc; path = TimelineViewController.m; sourceTree = "<group>"; };
		01DFE55F1810C32800619DA5 /* Storyboard.storyboard */ = {isa = PBXFileReference; fileEncoding = 4; lastKnownFileType = file.storyboard; name = Storyboard.storyboard; path = ../Storyboard.storyboard; sourceTree = "<group>"; };
		01DFE5641811CBD500619DA5 /* RootViewController.h */ = {isa = PBXFileReference; fileEncoding = 4; lastKnownFileType = sourcecode.c.h; path = RootViewController.h; sourceTree = "<group>"; };
		01DFE5651811CBD500619DA5 /* RootViewController.m */ = {isa = PBXFileReference; fileEncoding = 4; lastKnownFileType = sourcecode.c.objc; path = RootViewController.m; sourceTree = "<group>"; };
		01DFE5671811CC2F00619DA5 /* MenuViewController.h */ = {isa = PBXFileReference; fileEncoding = 4; lastKnownFileType = sourcecode.c.h; path = MenuViewController.h; sourceTree = "<group>"; };
		01DFE5681811CC2F00619DA5 /* MenuViewController.m */ = {isa = PBXFileReference; fileEncoding = 4; lastKnownFileType = sourcecode.c.objc; path = MenuViewController.m; sourceTree = "<group>"; };
		01DFE56A1811CE4700619DA5 /* ProfileViewController.h */ = {isa = PBXFileReference; fileEncoding = 4; lastKnownFileType = sourcecode.c.h; path = ProfileViewController.h; sourceTree = "<group>"; };
		01DFE56B1811CE4700619DA5 /* ProfileViewController.m */ = {isa = PBXFileReference; fileEncoding = 4; lastKnownFileType = sourcecode.c.objc; path = ProfileViewController.m; sourceTree = "<group>"; };
		01DFE56D1811D31900619DA5 /* Constants.h */ = {isa = PBXFileReference; fileEncoding = 4; lastKnownFileType = sourcecode.c.h; path = Constants.h; sourceTree = "<group>"; };
		01DFE56E1811D31900619DA5 /* Constants.m */ = {isa = PBXFileReference; fileEncoding = 4; lastKnownFileType = sourcecode.c.objc; path = Constants.m; sourceTree = "<group>"; };
		A7D75B234E3C4244A01F839C /* Pods.xcconfig */ = {isa = PBXFileReference; includeInIndex = 1; lastKnownFileType = text.xcconfig; name = Pods.xcconfig; path = Pods/Pods.xcconfig; sourceTree = SOURCE_ROOT; };
		DF044CE4562045D2BF2CC896 /* libPods.a */ = {isa = PBXFileReference; explicitFileType = archive.ar; includeInIndex = 0; path = libPods.a; sourceTree = BUILT_PRODUCTS_DIR; };
/* End PBXFileReference section */

/* Begin PBXFrameworksBuildPhase section */
		01DFE52318104C5E00619DA5 /* Frameworks */ = {
			isa = PBXFrameworksBuildPhase;
			buildActionMask = 2147483647;
			files = (
				019EDEE51813727500551AA2 /* Social.framework in Frameworks */,
				01DFE52C18104C5F00619DA5 /* CoreGraphics.framework in Frameworks */,
				01DFE52E18104C5F00619DA5 /* UIKit.framework in Frameworks */,
				01DFE52A18104C5E00619DA5 /* Foundation.framework in Frameworks */,
				CF583DCD82B742C1AD872CCB /* libPods.a in Frameworks */,
			);
			runOnlyForDeploymentPostprocessing = 0;
		};
		01DFE53E18104C5F00619DA5 /* Frameworks */ = {
			isa = PBXFrameworksBuildPhase;
			buildActionMask = 2147483647;
			files = (
				01DFE54318104C5F00619DA5 /* XCTest.framework in Frameworks */,
				01DFE54518104C5F00619DA5 /* UIKit.framework in Frameworks */,
				01DFE54418104C5F00619DA5 /* Foundation.framework in Frameworks */,
			);
			runOnlyForDeploymentPostprocessing = 0;
		};
/* End PBXFrameworksBuildPhase section */

/* Begin PBXGroup section */
		019EDEDD1812F48200551AA2 /* API */ = {
			isa = PBXGroup;
			children = (
				019EDEDE1812F4D200551AA2 /* TwitterClient.h */,
				019EDEDF1812F4D200551AA2 /* TwitterClient.m */,
			);
			name = API;
			sourceTree = "<group>";
		};
		01DFE51D18104C5E00619DA5 = {
			isa = PBXGroup;
			children = (
				01DFE52F18104C5F00619DA5 /* bootcamp-twitter */,
				01DFE54818104C5F00619DA5 /* bootcamp-twitterTests */,
				01DFE52818104C5E00619DA5 /* Frameworks */,
				01DFE52718104C5E00619DA5 /* Products */,
				A7D75B234E3C4244A01F839C /* Pods.xcconfig */,
			);
			sourceTree = "<group>";
		};
		01DFE52718104C5E00619DA5 /* Products */ = {
			isa = PBXGroup;
			children = (
				01DFE52618104C5E00619DA5 /* bootcamp-twitter.app */,
				01DFE54118104C5F00619DA5 /* bootcamp-twitterTests.xctest */,
			);
			name = Products;
			sourceTree = "<group>";
		};
		01DFE52818104C5E00619DA5 /* Frameworks */ = {
			isa = PBXGroup;
			children = (
				019EDEE41813727500551AA2 /* Social.framework */,
				01DFE52918104C5E00619DA5 /* Foundation.framework */,
				01DFE52B18104C5F00619DA5 /* CoreGraphics.framework */,
				01DFE52D18104C5F00619DA5 /* UIKit.framework */,
				01DFE54218104C5F00619DA5 /* XCTest.framework */,
				DF044CE4562045D2BF2CC896 /* libPods.a */,
			);
			name = Frameworks;
			sourceTree = "<group>";
		};
		01DFE52F18104C5F00619DA5 /* bootcamp-twitter */ = {
			isa = PBXGroup;
			children = (
				019EDEDD1812F48200551AA2 /* API */,
				01DFE55F1810C32800619DA5 /* Storyboard.storyboard */,
				01DFE55B18104EBF00619DA5 /* View */,
				01DFE55A18104EAC00619DA5 /* Tools */,
				01DFE55918104EA700619DA5 /* Model */,
				01DFE55818104E8B00619DA5 /* ViewController */,
				01DFE53818104C5F00619DA5 /* AppDelegate.h */,
				01DFE53918104C5F00619DA5 /* AppDelegate.m */,
				01DFE53B18104C5F00619DA5 /* Images.xcassets */,
				01DFE53018104C5F00619DA5 /* Supporting Files */,
			);
			path = "bootcamp-twitter";
			sourceTree = "<group>";
		};
		01DFE53018104C5F00619DA5 /* Supporting Files */ = {
			isa = PBXGroup;
			children = (
				01DFE53118104C5F00619DA5 /* bootcamp-twitter-Info.plist */,
				01DFE53218104C5F00619DA5 /* InfoPlist.strings */,
				01DFE53518104C5F00619DA5 /* main.m */,
				01DFE53718104C5F00619DA5 /* bootcamp-twitter-Prefix.pch */,
			);
			name = "Supporting Files";
			sourceTree = "<group>";
		};
		01DFE54818104C5F00619DA5 /* bootcamp-twitterTests */ = {
			isa = PBXGroup;
			children = (
				01DFE54E18104C5F00619DA5 /* bootcamp_twitterTests.m */,
				01DFE54918104C5F00619DA5 /* Supporting Files */,
			);
			path = "bootcamp-twitterTests";
			sourceTree = "<group>";
		};
		01DFE54918104C5F00619DA5 /* Supporting Files */ = {
			isa = PBXGroup;
			children = (
				01DFE54A18104C5F00619DA5 /* bootcamp-twitterTests-Info.plist */,
				01DFE54B18104C5F00619DA5 /* InfoPlist.strings */,
			);
			name = "Supporting Files";
			sourceTree = "<group>";
		};
		01DFE55818104E8B00619DA5 /* ViewController */ = {
			isa = PBXGroup;
			children = (
				01DFE55C18104ED900619DA5 /* TimelineViewController.h */,
				01DFE55D18104ED900619DA5 /* TimelineViewController.m */,
				01DFE5641811CBD500619DA5 /* RootViewController.h */,
				01DFE5651811CBD500619DA5 /* RootViewController.m */,
				01DFE5671811CC2F00619DA5 /* MenuViewController.h */,
				01DFE5681811CC2F00619DA5 /* MenuViewController.m */,
				01DFE56A1811CE4700619DA5 /* ProfileViewController.h */,
				01DFE56B1811CE4700619DA5 /* ProfileViewController.m */,
				019EDEE11813030F00551AA2 /* tempViewController.h */,
				019EDEE21813030F00551AA2 /* tempViewController.m */,
			);
			name = ViewController;
			sourceTree = "<group>";
		};
		01DFE55918104EA700619DA5 /* Model */ = {
			isa = PBXGroup;
			children = (
			);
			name = Model;
			sourceTree = "<group>";
		};
		01DFE55A18104EAC00619DA5 /* Tools */ = {
			isa = PBXGroup;
			children = (
				01DFE56D1811D31900619DA5 /* Constants.h */,
				01DFE56E1811D31900619DA5 /* Constants.m */,
			);
			name = Tools;
			sourceTree = "<group>";
		};
		01DFE55B18104EBF00619DA5 /* View */ = {
			isa = PBXGroup;
			children = (
			);
			name = View;
			sourceTree = "<group>";
		};
/* End PBXGroup section */

/* Begin PBXNativeTarget section */
		01DFE52518104C5E00619DA5 /* bootcamp-twitter */ = {
			isa = PBXNativeTarget;
			buildConfigurationList = 01DFE55218104C5F00619DA5 /* Build configuration list for PBXNativeTarget "bootcamp-twitter" */;
			buildPhases = (
				9071B127E3874B1F98C99165 /* Check Pods Manifest.lock */,
				01DFE52218104C5E00619DA5 /* Sources */,
				01DFE52318104C5E00619DA5 /* Frameworks */,
				01DFE52418104C5E00619DA5 /* Resources */,
				2A203B340C014CA697AF6240 /* Copy Pods Resources */,
			);
			buildRules = (
			);
			dependencies = (
			);
			name = "bootcamp-twitter";
			productName = "bootcamp-twitter";
			productReference = 01DFE52618104C5E00619DA5 /* bootcamp-twitter.app */;
			productType = "com.apple.product-type.application";
		};
		01DFE54018104C5F00619DA5 /* bootcamp-twitterTests */ = {
			isa = PBXNativeTarget;
			buildConfigurationList = 01DFE55518104C5F00619DA5 /* Build configuration list for PBXNativeTarget "bootcamp-twitterTests" */;
			buildPhases = (
				01DFE53D18104C5F00619DA5 /* Sources */,
				01DFE53E18104C5F00619DA5 /* Frameworks */,
				01DFE53F18104C5F00619DA5 /* Resources */,
			);
			buildRules = (
			);
			dependencies = (
				01DFE54718104C5F00619DA5 /* PBXTargetDependency */,
			);
			name = "bootcamp-twitterTests";
			productName = "bootcamp-twitterTests";
			productReference = 01DFE54118104C5F00619DA5 /* bootcamp-twitterTests.xctest */;
			productType = "com.apple.product-type.bundle.unit-test";
		};
/* End PBXNativeTarget section */

/* Begin PBXProject section */
		01DFE51E18104C5E00619DA5 /* Project object */ = {
			isa = PBXProject;
			attributes = {
				LastUpgradeCheck = 0500;
				ORGANIZATIONNAME = KDeal;
				TargetAttributes = {
					01DFE54018104C5F00619DA5 = {
						TestTargetID = 01DFE52518104C5E00619DA5;
					};
				};
			};
			buildConfigurationList = 01DFE52118104C5E00619DA5 /* Build configuration list for PBXProject "bootcamp-twitter" */;
			compatibilityVersion = "Xcode 3.2";
			developmentRegion = English;
			hasScannedForEncodings = 0;
			knownRegions = (
				en,
			);
			mainGroup = 01DFE51D18104C5E00619DA5;
			productRefGroup = 01DFE52718104C5E00619DA5 /* Products */;
			projectDirPath = "";
			projectRoot = "";
			targets = (
				01DFE52518104C5E00619DA5 /* bootcamp-twitter */,
				01DFE54018104C5F00619DA5 /* bootcamp-twitterTests */,
			);
		};
/* End PBXProject section */

/* Begin PBXResourcesBuildPhase section */
		01DFE52418104C5E00619DA5 /* Resources */ = {
			isa = PBXResourcesBuildPhase;
			buildActionMask = 2147483647;
			files = (
				01DFE53418104C5F00619DA5 /* InfoPlist.strings in Resources */,
				01DFE53C18104C5F00619DA5 /* Images.xcassets in Resources */,
				01DFE5601810C32800619DA5 /* Storyboard.storyboard in Resources */,
			);
			runOnlyForDeploymentPostprocessing = 0;
		};
		01DFE53F18104C5F00619DA5 /* Resources */ = {
			isa = PBXResourcesBuildPhase;
			buildActionMask = 2147483647;
			files = (
				01DFE54D18104C5F00619DA5 /* InfoPlist.strings in Resources */,
			);
			runOnlyForDeploymentPostprocessing = 0;
		};
/* End PBXResourcesBuildPhase section */

/* Begin PBXShellScriptBuildPhase section */
		2A203B340C014CA697AF6240 /* Copy Pods Resources */ = {
			isa = PBXShellScriptBuildPhase;
			buildActionMask = 2147483647;
			files = (
			);
			inputPaths = (
			);
			name = "Copy Pods Resources";
			outputPaths = (
			);
			runOnlyForDeploymentPostprocessing = 0;
			shellPath = /bin/sh;
			shellScript = "\"${SRCROOT}/Pods/Pods-resources.sh\"\n";
			showEnvVarsInLog = 0;
		};
		9071B127E3874B1F98C99165 /* Check Pods Manifest.lock */ = {
			isa = PBXShellScriptBuildPhase;
			buildActionMask = 2147483647;
			files = (
			);
			inputPaths = (
			);
			name = "Check Pods Manifest.lock";
			outputPaths = (
			);
			runOnlyForDeploymentPostprocessing = 0;
			shellPath = /bin/sh;
			shellScript = "diff \"${PODS_ROOT}/../Podfile.lock\" \"${PODS_ROOT}/Manifest.lock\" > /dev/null\nif [[ $? != 0 ]] ; then\n    cat << EOM\nerror: The sandbox is not in sync with the Podfile.lock. Run 'pod install' or update your CocoaPods installation.\nEOM\n    exit 1\nfi\n";
			showEnvVarsInLog = 0;
		};
/* End PBXShellScriptBuildPhase section */

/* Begin PBXSourcesBuildPhase section */
		01DFE52218104C5E00619DA5 /* Sources */ = {
			isa = PBXSourcesBuildPhase;
			buildActionMask = 2147483647;
			files = (
				01DFE53A18104C5F00619DA5 /* AppDelegate.m in Sources */,
				01DFE53618104C5F00619DA5 /* main.m in Sources */,
				01DFE5661811CBD500619DA5 /* RootViewController.m in Sources */,
				01DFE55E18104ED900619DA5 /* TimelineViewController.m in Sources */,
				019EDEE31813030F00551AA2 /* tempViewController.m in Sources */,
				019EDEE01812F4D200551AA2 /* TwitterClient.m in Sources */,
				01DFE56C1811CE4700619DA5 /* ProfileViewController.m in Sources */,
				01DFE56F1811D31900619DA5 /* Constants.m in Sources */,
				01DFE5691811CC2F00619DA5 /* MenuViewController.m in Sources */,
			);
			runOnlyForDeploymentPostprocessing = 0;
		};
		01DFE53D18104C5F00619DA5 /* Sources */ = {
			isa = PBXSourcesBuildPhase;
			buildActionMask = 2147483647;
			files = (
				01DFE54F18104C5F00619DA5 /* bootcamp_twitterTests.m in Sources */,
			);
			runOnlyForDeploymentPostprocessing = 0;
		};
/* End PBXSourcesBuildPhase section */

/* Begin PBXTargetDependency section */
		01DFE54718104C5F00619DA5 /* PBXTargetDependency */ = {
			isa = PBXTargetDependency;
			target = 01DFE52518104C5E00619DA5 /* bootcamp-twitter */;
			targetProxy = 01DFE54618104C5F00619DA5 /* PBXContainerItemProxy */;
		};
/* End PBXTargetDependency section */

/* Begin PBXVariantGroup section */
		01DFE53218104C5F00619DA5 /* InfoPlist.strings */ = {
			isa = PBXVariantGroup;
			children = (
				01DFE53318104C5F00619DA5 /* en */,
			);
			name = InfoPlist.strings;
			sourceTree = "<group>";
		};
		01DFE54B18104C5F00619DA5 /* InfoPlist.strings */ = {
			isa = PBXVariantGroup;
			children = (
				01DFE54C18104C5F00619DA5 /* en */,
			);
			name = InfoPlist.strings;
			sourceTree = "<group>";
		};
/* End PBXVariantGroup section */

/* Begin XCBuildConfiguration section */
		01DFE55018104C5F00619DA5 /* Debug */ = {
			isa = XCBuildConfiguration;
			buildSettings = {
				ALWAYS_SEARCH_USER_PATHS = NO;
				ARCHS = "$(ARCHS_STANDARD_INCLUDING_64_BIT)";
				CLANG_CXX_LANGUAGE_STANDARD = "gnu++0x";
				CLANG_CXX_LIBRARY = "libc++";
				CLANG_ENABLE_MODULES = YES;
				CLANG_ENABLE_OBJC_ARC = YES;
				CLANG_WARN_BOOL_CONVERSION = YES;
				CLANG_WARN_CONSTANT_CONVERSION = YES;
				CLANG_WARN_DIRECT_OBJC_ISA_USAGE = YES_ERROR;
				CLANG_WARN_EMPTY_BODY = YES;
				CLANG_WARN_ENUM_CONVERSION = YES;
				CLANG_WARN_INT_CONVERSION = YES;
				CLANG_WARN_OBJC_ROOT_CLASS = YES_ERROR;
				CLANG_WARN__DUPLICATE_METHOD_MATCH = YES;
				"CODE_SIGN_IDENTITY[sdk=iphoneos*]" = "iPhone Developer";
				COPY_PHASE_STRIP = NO;
				GCC_C_LANGUAGE_STANDARD = gnu99;
				GCC_DYNAMIC_NO_PIC = NO;
				GCC_OPTIMIZATION_LEVEL = 0;
				GCC_PREPROCESSOR_DEFINITIONS = (
					"DEBUG=1",
					"$(inherited)",
				);
				GCC_SYMBOLS_PRIVATE_EXTERN = NO;
				GCC_WARN_64_TO_32_BIT_CONVERSION = YES;
				GCC_WARN_ABOUT_RETURN_TYPE = YES_ERROR;
				GCC_WARN_UNDECLARED_SELECTOR = YES;
				GCC_WARN_UNINITIALIZED_AUTOS = YES;
				GCC_WARN_UNUSED_FUNCTION = YES;
				GCC_WARN_UNUSED_VARIABLE = YES;
				IPHONEOS_DEPLOYMENT_TARGET = 7.0;
				ONLY_ACTIVE_ARCH = YES;
				SDKROOT = iphoneos;
			};
			name = Debug;
		};
		01DFE55118104C5F00619DA5 /* Release */ = {
			isa = XCBuildConfiguration;
			buildSettings = {
				ALWAYS_SEARCH_USER_PATHS = NO;
				ARCHS = "$(ARCHS_STANDARD_INCLUDING_64_BIT)";
				CLANG_CXX_LANGUAGE_STANDARD = "gnu++0x";
				CLANG_CXX_LIBRARY = "libc++";
				CLANG_ENABLE_MODULES = YES;
				CLANG_ENABLE_OBJC_ARC = YES;
				CLANG_WARN_BOOL_CONVERSION = YES;
				CLANG_WARN_CONSTANT_CONVERSION = YES;
				CLANG_WARN_DIRECT_OBJC_ISA_USAGE = YES_ERROR;
				CLANG_WARN_EMPTY_BODY = YES;
				CLANG_WARN_ENUM_CONVERSION = YES;
				CLANG_WARN_INT_CONVERSION = YES;
				CLANG_WARN_OBJC_ROOT_CLASS = YES_ERROR;
				CLANG_WARN__DUPLICATE_METHOD_MATCH = YES;
				"CODE_SIGN_IDENTITY[sdk=iphoneos*]" = "iPhone Developer";
				COPY_PHASE_STRIP = YES;
				ENABLE_NS_ASSERTIONS = NO;
				GCC_C_LANGUAGE_STANDARD = gnu99;
				GCC_WARN_64_TO_32_BIT_CONVERSION = YES;
				GCC_WARN_ABOUT_RETURN_TYPE = YES_ERROR;
				GCC_WARN_UNDECLARED_SELECTOR = YES;
				GCC_WARN_UNINITIALIZED_AUTOS = YES;
				GCC_WARN_UNUSED_FUNCTION = YES;
				GCC_WARN_UNUSED_VARIABLE = YES;
				IPHONEOS_DEPLOYMENT_TARGET = 7.0;
				SDKROOT = iphoneos;
				VALIDATE_PRODUCT = YES;
			};
			name = Release;
		};
		01DFE55318104C5F00619DA5 /* Debug */ = {
			isa = XCBuildConfiguration;
			baseConfigurationReference = A7D75B234E3C4244A01F839C /* Pods.xcconfig */;
			buildSettings = {
				ASSETCATALOG_COMPILER_APPICON_NAME = AppIcon;
				ASSETCATALOG_COMPILER_LAUNCHIMAGE_NAME = LaunchImage;
				GCC_PRECOMPILE_PREFIX_HEADER = YES;
				GCC_PREFIX_HEADER = "bootcamp-twitter/bootcamp-twitter-Prefix.pch";
				INFOPLIST_FILE = "bootcamp-twitter/bootcamp-twitter-Info.plist";
				PRODUCT_NAME = "$(TARGET_NAME)";
				WRAPPER_EXTENSION = app;
			};
			name = Debug;
		};
		01DFE55418104C5F00619DA5 /* Release */ = {
			isa = XCBuildConfiguration;
			baseConfigurationReference = A7D75B234E3C4244A01F839C /* Pods.xcconfig */;
			buildSettings = {
				ASSETCATALOG_COMPILER_APPICON_NAME = AppIcon;
				ASSETCATALOG_COMPILER_LAUNCHIMAGE_NAME = LaunchImage;
				GCC_PRECOMPILE_PREFIX_HEADER = YES;
				GCC_PREFIX_HEADER = "bootcamp-twitter/bootcamp-twitter-Prefix.pch";
				INFOPLIST_FILE = "bootcamp-twitter/bootcamp-twitter-Info.plist";
				PRODUCT_NAME = "$(TARGET_NAME)";
				WRAPPER_EXTENSION = app;
			};
			name = Release;
		};
		01DFE55618104C5F00619DA5 /* Debug */ = {
			isa = XCBuildConfiguration;
			buildSettings = {
				ARCHS = "$(ARCHS_STANDARD_INCLUDING_64_BIT)";
				BUNDLE_LOADER = "$(BUILT_PRODUCTS_DIR)/bootcamp-twitter.app/bootcamp-twitter";
				FRAMEWORK_SEARCH_PATHS = (
					"$(SDKROOT)/Developer/Library/Frameworks",
					"$(inherited)",
					"$(DEVELOPER_FRAMEWORKS_DIR)",
				);
				GCC_PRECOMPILE_PREFIX_HEADER = YES;
				GCC_PREFIX_HEADER = "bootcamp-twitter/bootcamp-twitter-Prefix.pch";
				GCC_PREPROCESSOR_DEFINITIONS = (
					"DEBUG=1",
					"$(inherited)",
				);
				INFOPLIST_FILE = "bootcamp-twitterTests/bootcamp-twitterTests-Info.plist";
				PRODUCT_NAME = "$(TARGET_NAME)";
				TEST_HOST = "$(BUNDLE_LOADER)";
				WRAPPER_EXTENSION = xctest;
			};
			name = Debug;
		};
		01DFE55718104C5F00619DA5 /* Release */ = {
			isa = XCBuildConfiguration;
			buildSettings = {
				ARCHS = "$(ARCHS_STANDARD_INCLUDING_64_BIT)";
				BUNDLE_LOADER = "$(BUILT_PRODUCTS_DIR)/bootcamp-twitter.app/bootcamp-twitter";
				FRAMEWORK_SEARCH_PATHS = (
					"$(SDKROOT)/Developer/Library/Frameworks",
					"$(inherited)",
					"$(DEVELOPER_FRAMEWORKS_DIR)",
				);
				GCC_PRECOMPILE_PREFIX_HEADER = YES;
				GCC_PREFIX_HEADER = "bootcamp-twitter/bootcamp-twitter-Prefix.pch";
				INFOPLIST_FILE = "bootcamp-twitterTests/bootcamp-twitterTests-Info.plist";
				PRODUCT_NAME = "$(TARGET_NAME)";
				TEST_HOST = "$(BUNDLE_LOADER)";
				WRAPPER_EXTENSION = xctest;
			};
			name = Release;
		};
/* End XCBuildConfiguration section */

/* Begin XCConfigurationList section */
		01DFE52118104C5E00619DA5 /* Build configuration list for PBXProject "bootcamp-twitter" */ = {
			isa = XCConfigurationList;
			buildConfigurations = (
				01DFE55018104C5F00619DA5 /* Debug */,
				01DFE55118104C5F00619DA5 /* Release */,
			);
			defaultConfigurationIsVisible = 0;
			defaultConfigurationName = Release;
		};
		01DFE55218104C5F00619DA5 /* Build configuration list for PBXNativeTarget "bootcamp-twitter" */ = {
			isa = XCConfigurationList;
			buildConfigurations = (
				01DFE55318104C5F00619DA5 /* Debug */,
				01DFE55418104C5F00619DA5 /* Release */,
			);
			defaultConfigurationIsVisible = 0;
			defaultConfigurationName = Release;
		};
		01DFE55518104C5F00619DA5 /* Build configuration list for PBXNativeTarget "bootcamp-twitterTests" */ = {
			isa = XCConfigurationList;
			buildConfigurations = (
				01DFE55618104C5F00619DA5 /* Debug */,
				01DFE55718104C5F00619DA5 /* Release */,
			);
			defaultConfigurationIsVisible = 0;
			defaultConfigurationName = Release;
		};
/* End XCConfigurationList section */
	};
	rootObject = 01DFE51E18104C5E00619DA5 /* Project object */;
}
